
Microsoft Visual Studio Solution File, Format Version 12.00
# Visual Studio Version 17
VisualStudioVersion = 17.9.34607.119
MinimumVisualStudioVersion = 10.0.40219.1
Project("{9A19103F-16F7-4668-BE54-9A1E7A4F7556}") = "CrashstackApi", "src\CrashstackApi\CrashstackApi.csproj", "{4B5C693F-F8FC-4978-B815-4323B34F2A2B}"
EndProject
Project("{9A19103F-16F7-4668-BE54-9A1E7A4F7556}") = "SentryParser", "src\SentryParser\SentryParser.csproj", "{1F304A51-D8BF-43CF-9A15-A8C939B1F281}"
EndProject
Project("{9A19103F-16F7-4668-BE54-9A1E7A4F7556}") = "SentryParserUnitTests", "tests\SentryParserUnitTests\SentryParserUnitTests.csproj", "{9E2EED2A-7EC0-4BBB-82EB-0EEB19BB8E16}"
EndProject
Project("{9A19103F-16F7-4668-BE54-9A1E7A4F7556}") = "Crashstack.AppHost", "Crashstack.AppHost\Crashstack.AppHost.csproj", "{CADCC24A-D77B-441C-91C1-6D31AE537C04}"
EndProject
Project("{9A19103F-16F7-4668-BE54-9A1E7A4F7556}") = "Crashstack.ServiceDefaults", "Crashstack.ServiceDefaults\Crashstack.ServiceDefaults.csproj", "{FB6EB211-C2B3-4B9B-B02A-F9013BE135D1}"
EndProject
Project("{9A19103F-16F7-4668-BE54-9A1E7A4F7556}") = "Crashstack.Data", "src\Crashstack.Data\Crashstack.Data.csproj", "{815770C8-0308-41AE-ABDC-1195E1881ACC}"
EndProject
Project("{9A19103F-16F7-4668-BE54-9A1E7A4F7556}") = "Crashstack.MigrationService", "src\Crashstack.MigrationService\Crashstack.MigrationService.csproj", "{EFDB4826-65EC-4FEF-AE5E-0D042F54B1B5}"
EndProject
Project("{9A19103F-16F7-4668-BE54-9A1E7A4F7556}") = "Crashstack.Server", "src\Crashstack\Crashstack.Server\Crashstack.Server.csproj", "{76D981DC-A4D6-4A45-A045-F1660C44E1B2}"
EndProject
Global
	GlobalSection(SolutionConfigurationPlatforms) = preSolution
		Debug|Any CPU = Debug|Any CPU
		Release|Any CPU = Release|Any CPU
	EndGlobalSection
	GlobalSection(ProjectConfigurationPlatforms) = postSolution
		{4B5C693F-F8FC-4978-B815-4323B34F2A2B}.Debug|Any CPU.ActiveCfg = Debug|Any CPU
		{4B5C693F-F8FC-4978-B815-4323B34F2A2B}.Debug|Any CPU.Build.0 = Debug|Any CPU
		{4B5C693F-F8FC-4978-B815-4323B34F2A2B}.Release|Any CPU.ActiveCfg = Release|Any CPU
		{4B5C693F-F8FC-4978-B815-4323B34F2A2B}.Release|Any CPU.Build.0 = Release|Any CPU
		{1F304A51-D8BF-43CF-9A15-A8C939B1F281}.Debug|Any CPU.ActiveCfg = Debug|Any CPU
		{1F304A51-D8BF-43CF-9A15-A8C939B1F281}.Debug|Any CPU.Build.0 = Debug|Any CPU
		{1F304A51-D8BF-43CF-9A15-A8C939B1F281}.Release|Any CPU.ActiveCfg = Release|Any CPU
		{1F304A51-D8BF-43CF-9A15-A8C939B1F281}.Release|Any CPU.Build.0 = Release|Any CPU
		{9E2EED2A-7EC0-4BBB-82EB-0EEB19BB8E16}.Debug|Any CPU.ActiveCfg = Debug|Any CPU
		{9E2EED2A-7EC0-4BBB-82EB-0EEB19BB8E16}.Debug|Any CPU.Build.0 = Debug|Any CPU
		{9E2EED2A-7EC0-4BBB-82EB-0EEB19BB8E16}.Release|Any CPU.ActiveCfg = Release|Any CPU
		{9E2EED2A-7EC0-4BBB-82EB-0EEB19BB8E16}.Release|Any CPU.Build.0 = Release|Any CPU
		{CADCC24A-D77B-441C-91C1-6D31AE537C04}.Debug|Any CPU.ActiveCfg = Debug|Any CPU
		{CADCC24A-D77B-441C-91C1-6D31AE537C04}.Debug|Any CPU.Build.0 = Debug|Any CPU
		{CADCC24A-D77B-441C-91C1-6D31AE537C04}.Release|Any CPU.ActiveCfg = Release|Any CPU
		{CADCC24A-D77B-441C-91C1-6D31AE537C04}.Release|Any CPU.Build.0 = Release|Any CPU
		{FB6EB211-C2B3-4B9B-B02A-F9013BE135D1}.Debug|Any CPU.ActiveCfg = Debug|Any CPU
		{FB6EB211-C2B3-4B9B-B02A-F9013BE135D1}.Debug|Any CPU.Build.0 = Debug|Any CPU
		{FB6EB211-C2B3-4B9B-B02A-F9013BE135D1}.Release|Any CPU.ActiveCfg = Release|Any CPU
		{FB6EB211-C2B3-4B9B-B02A-F9013BE135D1}.Release|Any CPU.Build.0 = Release|Any CPU
		{815770C8-0308-41AE-ABDC-1195E1881ACC}.Debug|Any CPU.ActiveCfg = Debug|Any CPU
		{815770C8-0308-41AE-ABDC-1195E1881ACC}.Debug|Any CPU.Build.0 = Debug|Any CPU
		{815770C8-0308-41AE-ABDC-1195E1881ACC}.Release|Any CPU.ActiveCfg = Release|Any CPU
		{815770C8-0308-41AE-ABDC-1195E1881ACC}.Release|Any CPU.Build.0 = Release|Any CPU
		{EFDB4826-65EC-4FEF-AE5E-0D042F54B1B5}.Debug|Any CPU.ActiveCfg = Debug|Any CPU
		{EFDB4826-65EC-4FEF-AE5E-0D042F54B1B5}.Debug|Any CPU.Build.0 = Debug|Any CPU
		{EFDB4826-65EC-4FEF-AE5E-0D042F54B1B5}.Release|Any CPU.ActiveCfg = Release|Any CPU
		{EFDB4826-65EC-4FEF-AE5E-0D042F54B1B5}.Release|Any CPU.Build.0 = Release|Any CPU
		{76D981DC-A4D6-4A45-A045-F1660C44E1B2}.Debug|Any CPU.ActiveCfg = Debug|Any CPU
		{76D981DC-A4D6-4A45-A045-F1660C44E1B2}.Debug|Any CPU.Build.0 = Debug|Any CPU
		{76D981DC-A4D6-4A45-A045-F1660C44E1B2}.Release|Any CPU.ActiveCfg = Release|Any CPU
		{76D981DC-A4D6-4A45-A045-F1660C44E1B2}.Release|Any CPU.Build.0 = Release|Any CPU
	EndGlobalSection
	GlobalSection(SolutionProperties) = preSolution
		HideSolutionNode = FALSE
	EndGlobalSection
	GlobalSection(ExtensibilityGlobals) = postSolution
		SolutionGuid = {F45FF847-5515-4095-986F-E5811BDF8DE1}
	EndGlobalSection
EndGlobal
